{
  "nodes": {
    "cache-nix-action": {
      "flake": false,
      "locked": {
        "lastModified": 1769805516,
        "narHash": "sha256-+nLCogBb3eXaL/YPigD7TiuHR0HTBdyYzEL16Tc3T1k=",
        "owner": "nix-community",
        "repo": "cache-nix-action",
        "rev": "7df957e333c1e5da7721f60227dbba6d06080569",
        "type": "github"
      },
      "original": {
        "owner": "nix-community",
        "repo": "cache-nix-action",
        "type": "github"
      }
    },
    "flake-compat": {
      "flake": false,
      "locked": {
        "lastModified": 1767039857,
        "narHash": "sha256-vNpUSpF5Nuw8xvDLj2KCwwksIbjua2LZCqhV1LNRDns=",
        "owner": "NixOS",
        "repo": "flake-compat",
        "rev": "5edf11c44bc78a0d334f6334cdaf7d60d732daab",
        "type": "github"
      },
      "original": {
        "owner": "NixOS",
        "repo": "flake-compat",
        "type": "github"
      }
    },
    "flake-utils": {
      "inputs": {
        "systems": [
          "systems"
        ]
      },
      "locked": {
        "lastModified": 1731533236,
        "narHash": "sha256-l0KFg5HjrsfsO/JpG+r7fRrqm12kzFHyUHqHCVpMMbI=",
        "owner": "numtide",
        "repo": "flake-utils",
        "rev": "11707dc2f618dd54ca8739b309ec4fc024de578b",
        "type": "github"
      },
      "original": {
        "owner": "numtide",
        "repo": "flake-utils",
        "type": "github"
      }
    },
    "git-hooks": {
      "inputs": {
        "flake-compat": "flake-compat",
        "gitignore": "gitignore",
        "nixpkgs": [
          "nixpkgs"
        ]
      },
      "locked": {
        "lastModified": 1769939035,
        "narHash": "sha256-Fok2AmefgVA0+eprw2NDwqKkPGEI5wvR+twiZagBvrg=",
        "owner": "cachix",
        "repo": "git-hooks.nix",
        "rev": "a8ca480175326551d6c4121498316261cbb5b260",
        "type": "github"
      },
      "original": {
        "owner": "cachix",
        "repo": "git-hooks.nix",
        "type": "github"
      }
    },
    "gitignore": {
      "inputs": {
        "nixpkgs": [
          "git-hooks",
          "nixpkgs"
        ]
      },
      "locked": {
        "lastModified": 1709087332,
        "narHash": "sha256-HG2cCnktfHsKV0s4XW83gU3F57gaTljL9KNSuG6bnQs=",
        "owner": "hercules-ci",
        "repo": "gitignore.nix",
        "rev": "637db329424fd7e46cf4185293b9cc8c88c95394",
        "type": "github"
      },
      "original": {
        "owner": "hercules-ci",
        "repo": "gitignore.nix",
        "type": "github"
      }
    },
    "msgq-src": {
      "flake": false,
      "locked": {
        "lastModified": 1766946291,
        "narHash": "sha256-9sIs/QXrQVZAb+1/WODd0/MzJT7JJE1LnsB+IkhfrJQ=",
        "owner": "commaai",
        "repo": "msgq",
        "rev": "20f2493855ef32339b80f0ad76b3cb82210dc474",
        "type": "github"
      },
      "original": {
        "owner": "commaai",
        "repo": "msgq",
        "rev": "20f2493855ef32339b80f0ad76b3cb82210dc474",
        "type": "github"
      }
    },
    "nixpkgs": {
      "locked": {
        "lastModified": 1769330179,
        "narHash": "sha256-yxgb4AmkVHY5OOBrC79Vv6EVd4QZEotqv+6jcvA212M=",
        "owner": "nixos",
        "repo": "nixpkgs",
        "rev": "48698d12cc10555a4f3e3222d9c669b884a49dfe",
        "type": "github"
      },
      "original": {
        "owner": "nixos",
        "ref": "nixpkgs-unstable",
        "repo": "nixpkgs",
        "type": "github"
      }
    },
    "opendbc-src": {
      "flake": false,
      "locked": {
        "lastModified": 1769760790,
        "narHash": "sha256-AB+BiFpnFhYRPknuMu99zicrx271Ya5Fnj62R7cfeSg=",
        "owner": "commaai",
        "repo": "opendbc",
        "rev": "e76c2cf5bb0042bc5822efa78fff0362feed7b54",
        "type": "github"
      },
      "original": {
        "owner": "commaai",
        "repo": "opendbc",
        "rev": "e76c2cf5bb0042bc5822efa78fff0362feed7b54",
        "type": "github"
      }
    },
    "panda-src": {
      "flake": false,
      "locked": {
        "lastModified": 1769085986,
        "narHash": "sha256-NGpooeRAwdmu7Lt524a1JgENj00NQYiqB+bgthM+T3w=",
        "owner": "commaai",
        "repo": "panda",
        "rev": "81615ad9d53aef5583e064f340e9cdeb23d4119c",
        "type": "github"
      },
      "original": {
        "owner": "commaai",
        "repo": "panda",
        "rev": "81615ad9d53aef5583e064f340e9cdeb23d4119c",
        "type": "github"
      }
    },
    "pyproject-nix": {
      "inputs": {
        "nixpkgs": [
          "nixpkgs"
        ]
      },
      "locked": {
        "lastModified": 1769453805,
        "narHash": "sha256-zJt1TjkvAJEbvLq0lbaOwXwkrbvaEjXzhSBEPuU1W6k=",
        "owner": "kingarrrt",
        "repo": "pyproject.nix",
        "rev": "d054a7a35f4610d55d4d07673827905db1f913ac",
        "type": "github"
      },
      "original": {
        "owner": "kingarrrt",
        "repo": "pyproject.nix",
        "type": "github"
      }
    },
    "rednose-src": {
      "flake": false,
      "locked": {
        "lastModified": 1747782152,
        "narHash": "sha256-J5hLpGfEgp+Plf8Ap2O4sqh12LCL3jkwGvl1OLmz0EU=",
        "owner": "commaai",
        "repo": "rednose",
        "rev": "7fddc8e6d49def83c952a78673179bdc62789214",
        "type": "github"
      },
      "original": {
        "owner": "commaai",
        "repo": "rednose",
        "rev": "7fddc8e6d49def83c952a78673179bdc62789214",
        "type": "github"
      }
    },
    "root": {
      "inputs": {
        "cache-nix-action": "cache-nix-action",
        "flake-utils": "flake-utils",
        "git-hooks": "git-hooks",
        "msgq-src": "msgq-src",
        "nixpkgs": "nixpkgs",
        "opendbc-src": "opendbc-src",
        "panda-src": "panda-src",
        "pyproject-nix": "pyproject-nix",
        "rednose-src": "rednose-src",
        "systems": "systems",
        "teleoprtc-src": "teleoprtc-src",
        "tinygrad-src": "tinygrad-src"
      }
    },
    "systems": {
      "locked": {
        "lastModified": 1681028828,
        "narHash": "sha256-Vy1rq5AaRuLzOxct8nz4T6wlgyUR7zLU309k9mBC768=",
        "owner": "nix-systems",
        "repo": "default",
        "rev": "da67096a3b9bf56a91d16901293e51ba5b49a27e",
        "type": "github"
      },
      "original": {
        "owner": "nix-systems",
        "repo": "default",
        "type": "github"
      }
    },
    "teleoprtc-src": {
      "flake": false,
      "locked": {
        "lastModified": 1720552182,
        "narHash": "sha256-FR8B9JGzPZxcCiLHbLAvsVMha1D4Gu0OytZ65IzSMHQ=",
        "owner": "commaai",
        "repo": "teleoprtc",
        "rev": "389815b8ca5302ce7c1504b7841d4eb61a8cd51b",
        "type": "github"
      },
      "original": {
        "owner": "commaai",
        "repo": "teleoprtc",
        "rev": "389815b8ca5302ce7c1504b7841d4eb61a8cd51b",
        "type": "github"
      }
    },
    "tinygrad-src": {
      "flake": false,
      "locked": {
        "lastModified": 1769432631,
        "narHash": "sha256-CHZau1aArEOk5bdMIU0H6yM6B2JsucIiom5n8sdUyF8=",
        "owner": "tinygrad",
        "repo": "tinygrad",
        "rev": "774a454bb5e6d0fe3756a8add9302c0a3d592bd9",
        "type": "github"
      },
      "original": {
        "owner": "tinygrad",
        "repo": "tinygrad",
        "rev": "774a454bb5e6d0fe3756a8add9302c0a3d592bd9",
        "type": "github"
      }
    }
  },
  "root": "root",
  "version": 7
}
